
Microsoft Visual Studio Solution File, Format Version 12.00
# Visual Studio Version 17
VisualStudioVersion = 17.9.34616.47
MinimumVisualStudioVersion = 10.0.40219.1
Project("{FAE04EC0-301F-11D3-BF4B-00C04F79EFBC}") = "03_MVCCAPP_Northwind", "03_MVCCAPP_Northwind\03_MVCCAPP_Northwind.csproj", "{67D8A908-D4A9-4C6F-BC8D-36C2286679FE}"
EndProject
Global
	GlobalSection(SolutionConfigurationPlatforms) = preSolution
		Debug|Any CPU = Debug|Any CPU
		Release|Any CPU = Release|Any CPU
	EndGlobalSection
	GlobalSection(ProjectConfigurationPlatforms) = postSolution
		{67D8A908-D4A9-4C6F-BC8D-36C2286679FE}.Debug|Any CPU.ActiveCfg = Debug|Any CPU
		{67D8A908-D4A9-4C6F-BC8D-36C2286679FE}.Debug|Any CPU.Build.0 = Debug|Any CPU
		{67D8A908-D4A9-4C6F-BC8D-36C2286679FE}.Release|Any CPU.ActiveCfg = Release|Any CPU
		{67D8A908-D4A9-4C6F-BC8D-36C2286679FE}.Release|Any CPU.Build.0 = Release|Any CPU
	EndGlobalSection
	GlobalSection(SolutionProperties) = preSolution
		HideSolutionNode = FALSE
	EndGlobalSection
	GlobalSection(ExtensibilityGlobals) = postSolution
		SolutionGuid = {A9031EDB-DE7E-4C76-875F-0FFFFF8D6BEE}
	EndGlobalSection
EndGlobal
